
Microsoft Visual Studio Solution File, Format Version 12.00
# Visual Studio Version 17
VisualStudioVersion = 17.1.32328.378
MinimumVisualStudioVersion = 10.0.40219.1
Project("{FAE04EC0-301F-11D3-BF4B-00C04F79EFBC}") = "Business", "Business\Business.csproj", "{6059E5F9-6310-4B8B-A58B-2C557EF3E010}"
EndProject
Project("{FAE04EC0-301F-11D3-BF4B-00C04F79EFBC}") = "DataAccess", "DataAccess\DataAccess.csproj", "{C2964061-0DC4-40A0-B996-0C1C94B9066F}"
EndProject
Project("{FAE04EC0-301F-11D3-BF4B-00C04F79EFBC}") = "Entities", "Entities\Entities.csproj", "{77D3DB27-107B-45AB-BA56-5C601BA09CCF}"
EndProject
Project("{FAE04EC0-301F-11D3-BF4B-00C04F79EFBC}") = "ConsoleUI", "ConsoleUI\ConsoleUI.csproj", "{6C691850-7B49-4411-86EC-A1F72AC2E315}"
EndProject
Global
	GlobalSection(SolutionConfigurationPlatforms) = preSolution
		Debug|Any CPU = Debug|Any CPU
		Release|Any CPU = Release|Any CPU
	EndGlobalSection
	GlobalSection(ProjectConfigurationPlatforms) = postSolution
		{6059E5F9-6310-4B8B-A58B-2C557EF3E010}.Debug|Any CPU.ActiveCfg = Debug|Any CPU
		{6059E5F9-6310-4B8B-A58B-2C557EF3E010}.Debug|Any CPU.Build.0 = Debug|Any CPU
		{6059E5F9-6310-4B8B-A58B-2C557EF3E010}.Release|Any CPU.ActiveCfg = Release|Any CPU
		{6059E5F9-6310-4B8B-A58B-2C557EF3E010}.Release|Any CPU.Build.0 = Release|Any CPU
		{C2964061-0DC4-40A0-B996-0C1C94B9066F}.Debug|Any CPU.ActiveCfg = Debug|Any CPU
		{C2964061-0DC4-40A0-B996-0C1C94B9066F}.Debug|Any CPU.Build.0 = Debug|Any CPU
		{C2964061-0DC4-40A0-B996-0C1C94B9066F}.Release|Any CPU.ActiveCfg = Release|Any CPU
		{C2964061-0DC4-40A0-B996-0C1C94B9066F}.Release|Any CPU.Build.0 = Release|Any CPU
		{77D3DB27-107B-45AB-BA56-5C601BA09CCF}.Debug|Any CPU.ActiveCfg = Debug|Any CPU
		{77D3DB27-107B-45AB-BA56-5C601BA09CCF}.Debug|Any CPU.Build.0 = Debug|Any CPU
		{77D3DB27-107B-45AB-BA56-5C601BA09CCF}.Release|Any CPU.ActiveCfg = Release|Any CPU
		{77D3DB27-107B-45AB-BA56-5C601BA09CCF}.Release|Any CPU.Build.0 = Release|Any CPU
		{6C691850-7B49-4411-86EC-A1F72AC2E315}.Debug|Any CPU.ActiveCfg = Debug|Any CPU
		{6C691850-7B49-4411-86EC-A1F72AC2E315}.Debug|Any CPU.Build.0 = Debug|Any CPU
		{6C691850-7B49-4411-86EC-A1F72AC2E315}.Release|Any CPU.ActiveCfg = Release|Any CPU
		{6C691850-7B49-4411-86EC-A1F72AC2E315}.Release|Any CPU.Build.0 = Release|Any CPU
	EndGlobalSection
	GlobalSection(SolutionProperties) = preSolution
		HideSolutionNode = FALSE
	EndGlobalSection
	GlobalSection(ExtensibilityGlobals) = postSolution
		SolutionGuid = {CB911D30-053C-4994-87C3-BCBD3C80408F}
	EndGlobalSection
EndGlobal
